{
    "_readme": [
        "This file locks the dependencies of your project to a known state",
        "Read more about it at https://getcomposer.org/doc/01-basic-usage.md#installing-dependencies",
        "This file is @generated automatically"
    ],
    "content-hash": "b2206b998246649be8f331a9dbf87657",
    "packages": [
        {
            "name": "javanile/php-glossary",
            "version": "0.1.0",
            "source": {
                "type": "git",
                "url": "https://github.com/javanile/php-glossary.git",
                "reference": "93fb6a4f328b6816456a29aa4aeedd60db5d0998"
            },
            "dist": {
                "type": "zip",
                "url": "https://api.github.com/repos/javanile/php-glossary/zipball/93fb6a4f328b6816456a29aa4aeedd60db5d0998",
                "reference": "93fb6a4f328b6816456a29aa4aeedd60db5d0998",
                "shasum": ""
            },
            "bin": [
                "bin/glossary"
            ],
            "type": "library",
            "notification-url": "https://packagist.org/downloads/",
            "license": [
                "MIT"
            ],
            "description": "Demonstrative Conceptual Implementation: Glossary Code Analysis Tool for PHP",
            "support": {
                "issues": "https://github.com/javanile/php-glossary/issues",
                "source": "https://github.com/javanile/php-glossary/tree/0.1.0"
            },
            "time": "2024-04-15T15:24:01+00:00"
        }
    ],
    "packages-dev": [],
    "aliases": [],
    "minimum-stability": "stable",
    "stability-flags": [],
    "prefer-stable": false,
    "prefer-lowest": false,
    "platform": [],
    "platform-dev": [],
    "plugin-api-version": "2.2.0"
}
